{
  "name": "typewriter",
  "version": "1.0.0",
  "lockfileVersion": 1,
  "requires": true,
  "dependencies": {
    "closure-templates": {
      "version": "20180314.0.0",
      "resolved": "https://registry.npmjs.org/closure-templates/-/closure-templates-20180314.0.0.tgz",
      "integrity": "sha512-PxoOC6BwQMO4VCbbAM7yFYth34XNiAb+iDpWpQouahzjMvXbW2le/Rbgsx9vIeQ4RIM1Z7AevYkqbkeANY5TJA=="
    },
    "google-closure-library": {
      "version": "20180910.0.0",
      "resolved": "https://registry.npmjs.org/google-closure-library/-/google-closure-library-20180910.0.0.tgz",
      "integrity": "sha512-ipDZ6psRQ7SNW6JRP1xiY3cjMwisDrcFDRvno0722zv9iWc5jyE0B9tYVGS0EFcu91VrCBaf9qtu0B7H+VuV+w=="
    },
    "html5shiv": {
      "version": "3.7.3",
      "resolved": "https://registry.npmjs.org/html5shiv/-/html5shiv-3.7.3.tgz",
      "integrity": "sha1-14qEo2e8uacQEA1XgCw4ewhGMdI="
    },
    "normalize.css": {
      "version": "8.0.1",
      "resolved": "https://registry.npmjs.org/normalize.css/-/normalize.css-8.0.1.tgz",
      "integrity": "sha512-qizSNPO93t1YUuUhP22btGOo3chcvDFqFaj2TRybP0DMxkHOCTYwp3n34fel4a31ORXy4m1Xq0Gyqpb5m33qIg=="
    }
  }
}
